// !$*UTF8*$!
{
	archiveVersion = 1;
	classes = {
	};
	objectVersion = 50;
	objects = {

/* Begin PBXBuildFile section */
		3F745AC621D719840034ABE7 /* AppDelegate.m in Sources */ = {isa = PBXBuildFile; fileRef = 3F745AC521D719840034ABE7 /* AppDelegate.m */; };
		3F745AC921D719840034ABE7 /* ViewController.m in Sources */ = {isa = PBXBuildFile; fileRef = 3F745AC821D719840034ABE7 /* ViewController.m */; };
		3F745ACC21D719840034ABE7 /* Main.storyboard in Resources */ = {isa = PBXBuildFile; fileRef = 3F745ACA21D719840034ABE7 /* Main.storyboard */; };
		3F745ACE21D719880034ABE7 /* Assets.xcassets in Resources */ = {isa = PBXBuildFile; fileRef = 3F745ACD21D719880034ABE7 /* Assets.xcassets */; };
		3F745AD121D719880034ABE7 /* LaunchScreen.storyboard in Resources */ = {isa = PBXBuildFile; fileRef = 3F745ACF21D719880034ABE7 /* LaunchScreen.storyboard */; };
		3F745AD421D719880034ABE7 /* main.m in Sources */ = {isa = PBXBuildFile; fileRef = 3F745AD321D719880034ABE7 /* main.m */; };
		3F745ADE21D719880034ABE7 /* TransformTestTests.m in Sources */ = {isa = PBXBuildFile; fileRef = 3F745ADD21D719880034ABE7 /* TransformTestTests.m */; };
		3F745AE921D719880034ABE7 /* TransformTestUITests.m in Sources */ = {isa = PBXBuildFile; fileRef = 3F745AE821D719880034ABE7 /* TransformTestUITests.m */; };
		3F745AFB21DCAA560034ABE7 /* BaseCustomNavigationController.m in Sources */ = {isa = PBXBuildFile; fileRef = 3F745AFA21DCAA560034ABE7 /* BaseCustomNavigationController.m */; };
		3F745AFE21DCAA970034ABE7 /* AnimationsListViewNavigationControllerViewController.m in Sources */ = {isa = PBXBuildFile; fileRef = 3F745AFD21DCAA970034ABE7 /* AnimationsListViewNavigationControllerViewController.m */; };
		3F745B0221DCABF60034ABE7 /* AppleSystemService.m in Sources */ = {isa = PBXBuildFile; fileRef = 3F745B0121DCABF60034ABE7 /* AppleSystemService.m */; };
		3F745B0621DCAF890034ABE7 /* UIView+AnimationProperty.m in Sources */ = {isa = PBXBuildFile; fileRef = 3F745B0521DCAF890034ABE7 /* UIView+AnimationProperty.m */; };
		3F745B0921DCB4140034ABE7 /* NotificationEvent.m in Sources */ = {isa = PBXBuildFile; fileRef = 3F745B0821DCB4140034ABE7 /* NotificationEvent.m */; };
		3F745B0D21DDA1330034ABE7 /* CustomViewController.m in Sources */ = {isa = PBXBuildFile; fileRef = 3F745B0C21DDA1330034ABE7 /* CustomViewController.m */; };
		3F745B1021DDA1790034ABE7 /* BaseCustomViewController.m in Sources */ = {isa = PBXBuildFile; fileRef = 3F745B0F21DDA1790034ABE7 /* BaseCustomViewController.m */; };
		3F745B1321DDA1ED0034ABE7 /* AnimationsListController.m in Sources */ = {isa = PBXBuildFile; fileRef = 3F745B1221DDA1ED0034ABE7 /* AnimationsListController.m */; };
		3F745B1721DDA5630034ABE7 /* Item.m in Sources */ = {isa = PBXBuildFile; fileRef = 3F745B1621DDA5630034ABE7 /* Item.m */; };
		3F745B1C21DDDE230034ABE7 /* TestCell.m in Sources */ = {isa = PBXBuildFile; fileRef = 3F745B1B21DDDE230034ABE7 /* TestCell.m */; };
		3F745B1F21DDE5EC0034ABE7 /* IndexRange.m in Sources */ = {isa = PBXBuildFile; fileRef = 3F745B1E21DDE5EC0034ABE7 /* IndexRange.m */; };
		3F745B2B21DDF0B10034ABE7 /* GCDQueue.m in Sources */ = {isa = PBXBuildFile; fileRef = 3F745B2321DDF0B10034ABE7 /* GCDQueue.m */; };
		3F745B2C21DDF0B10034ABE7 /* GCDTimer.m in Sources */ = {isa = PBXBuildFile; fileRef = 3F745B2421DDF0B10034ABE7 /* GCDTimer.m */; };
		3F745B2D21DDF0B10034ABE7 /* GCDGroup.m in Sources */ = {isa = PBXBuildFile; fileRef = 3F745B2521DDF0B10034ABE7 /* GCDGroup.m */; };
		3F745B2E21DDF0B10034ABE7 /* GCDSemaphore.m in Sources */ = {isa = PBXBuildFile; fileRef = 3F745B2721DDF0B10034ABE7 /* GCDSemaphore.m */; };
		3F745B3121DDF4830034ABE7 /* DefaultNotificationCenter.m in Sources */ = {isa = PBXBuildFile; fileRef = 3F745B3021DDF4830034ABE7 /* DefaultNotificationCenter.m */; };
		3F745B3421DEF8800034ABE7 /* ControllerBaseViewConfig.m in Sources */ = {isa = PBXBuildFile; fileRef = 3F745B3321DEF8800034ABE7 /* ControllerBaseViewConfig.m */; };
		3F745B3721DF07210034ABE7 /* ShowLoadingView.m in Sources */ = {isa = PBXBuildFile; fileRef = 3F745B3621DF07210034ABE7 /* ShowLoadingView.m */; };
		3F745B3A21DF2F1D0034ABE7 /* DeviceInfo.m in Sources */ = {isa = PBXBuildFile; fileRef = 3F745B3921DF2F1D0034ABE7 /* DeviceInfo.m */; };
		3F745B3D21DF31C30034ABE7 /* UIView+SetRect.m in Sources */ = {isa = PBXBuildFile; fileRef = 3F745B3C21DF31C30034ABE7 /* UIView+SetRect.m */; };
		3F745B4021DF348E0034ABE7 /* BackgroundLineView.m in Sources */ = {isa = PBXBuildFile; fileRef = 3F745B3E21DF348D0034ABE7 /* BackgroundLineView.m */; };
		3F745B4321DF35980034ABE7 /* UIFont+Fonts.m in Sources */ = {isa = PBXBuildFile; fileRef = 3F745B4221DF35980034ABE7 /* UIFont+Fonts.m */; };
		3F745B4621DF36010034ABE7 /* UIView+AnimationsListViewController.m in Sources */ = {isa = PBXBuildFile; fileRef = 3F745B4521DF36010034ABE7 /* UIView+AnimationsListViewController.m */; };
		3F745B4921DF36C10034ABE7 /* UIView+GlowView.m in Sources */ = {isa = PBXBuildFile; fileRef = 3F745B4721DF36C00034ABE7 /* UIView+GlowView.m */; };
		D749FF479002B6947F2AAF14 /* Pods_TransformTest.framework in Frameworks */ = {isa = PBXBuildFile; fileRef = E9E5125F39BC079EF23396D3 /* Pods_TransformTest.framework */; };
/* End PBXBuildFile section */

/* Begin PBXContainerItemProxy section */
		3F745ADA21D719880034ABE7 /* PBXContainerItemProxy */ = {
			isa = PBXContainerItemProxy;
			containerPortal = 3F745AB921D719830034ABE7 /* Project object */;
			proxyType = 1;
			remoteGlobalIDString = 3F745AC021D719840034ABE7;
			remoteInfo = TransformTest;
		};
		3F745AE521D719880034ABE7 /* PBXContainerItemProxy */ = {
			isa = PBXContainerItemProxy;
			containerPortal = 3F745AB921D719830034ABE7 /* Project object */;
			proxyType = 1;
			remoteGlobalIDString = 3F745AC021D719840034ABE7;
			remoteInfo = TransformTest;
		};
/* End PBXContainerItemProxy section */

/* Begin PBXFileReference section */
		3F745AC121D719840034ABE7 /* TransformTest.app */ = {isa = PBXFileReference; explicitFileType = wrapper.application; includeInIndex = 0; path = TransformTest.app; sourceTree = BUILT_PRODUCTS_DIR; };
		3F745AC421D719840034ABE7 /* AppDelegate.h */ = {isa = PBXFileReference; lastKnownFileType = sourcecode.c.h; path = AppDelegate.h; sourceTree = "<group>"; };
		3F745AC521D719840034ABE7 /* AppDelegate.m */ = {isa = PBXFileReference; lastKnownFileType = sourcecode.c.objc; path = AppDelegate.m; sourceTree = "<group>"; };
		3F745AC721D719840034ABE7 /* ViewController.h */ = {isa = PBXFileReference; lastKnownFileType = sourcecode.c.h; path = ViewController.h; sourceTree = "<group>"; };
		3F745AC821D719840034ABE7 /* ViewController.m */ = {isa = PBXFileReference; lastKnownFileType = sourcecode.c.objc; path = ViewController.m; sourceTree = "<group>"; };
		3F745ACB21D719840034ABE7 /* Base */ = {isa = PBXFileReference; lastKnownFileType = file.storyboard; name = Base; path = Base.lproj/Main.storyboard; sourceTree = "<group>"; };
		3F745ACD21D719880034ABE7 /* Assets.xcassets */ = {isa = PBXFileReference; lastKnownFileType = folder.assetcatalog; path = Assets.xcassets; sourceTree = "<group>"; };
		3F745AD021D719880034ABE7 /* Base */ = {isa = PBXFileReference; lastKnownFileType = file.storyboard; name = Base; path = Base.lproj/LaunchScreen.storyboard; sourceTree = "<group>"; };
		3F745AD221D719880034ABE7 /* Info.plist */ = {isa = PBXFileReference; lastKnownFileType = text.plist.xml; path = Info.plist; sourceTree = "<group>"; };
		3F745AD321D719880034ABE7 /* main.m */ = {isa = PBXFileReference; lastKnownFileType = sourcecode.c.objc; path = main.m; sourceTree = "<group>"; };
		3F745AD921D719880034ABE7 /* TransformTestTests.xctest */ = {isa = PBXFileReference; explicitFileType = wrapper.cfbundle; includeInIndex = 0; path = TransformTestTests.xctest; sourceTree = BUILT_PRODUCTS_DIR; };
		3F745ADD21D719880034ABE7 /* TransformTestTests.m */ = {isa = PBXFileReference; lastKnownFileType = sourcecode.c.objc; path = TransformTestTests.m; sourceTree = "<group>"; };
		3F745ADF21D719880034ABE7 /* Info.plist */ = {isa = PBXFileReference; lastKnownFileType = text.plist.xml; path = Info.plist; sourceTree = "<group>"; };
		3F745AE421D719880034ABE7 /* TransformTestUITests.xctest */ = {isa = PBXFileReference; explicitFileType = wrapper.cfbundle; includeInIndex = 0; path = TransformTestUITests.xctest; sourceTree = BUILT_PRODUCTS_DIR; };
		3F745AE821D719880034ABE7 /* TransformTestUITests.m */ = {isa = PBXFileReference; lastKnownFileType = sourcecode.c.objc; path = TransformTestUITests.m; sourceTree = "<group>"; };
		3F745AEA21D719880034ABE7 /* Info.plist */ = {isa = PBXFileReference; lastKnownFileType = text.plist.xml; path = Info.plist; sourceTree = "<group>"; };
		3F745AF921DCAA560034ABE7 /* BaseCustomNavigationController.h */ = {isa = PBXFileReference; lastKnownFileType = sourcecode.c.h; path = BaseCustomNavigationController.h; sourceTree = "<group>"; };
		3F745AFA21DCAA560034ABE7 /* BaseCustomNavigationController.m */ = {isa = PBXFileReference; lastKnownFileType = sourcecode.c.objc; path = BaseCustomNavigationController.m; sourceTree = "<group>"; };
		3F745AFC21DCAA970034ABE7 /* AnimationsListViewNavigationControllerViewController.h */ = {isa = PBXFileReference; lastKnownFileType = sourcecode.c.h; path = AnimationsListViewNavigationControllerViewController.h; sourceTree = "<group>"; };
		3F745AFD21DCAA970034ABE7 /* AnimationsListViewNavigationControllerViewController.m */ = {isa = PBXFileReference; lastKnownFileType = sourcecode.c.objc; path = AnimationsListViewNavigationControllerViewController.m; sourceTree = "<group>"; };
		3F745B0021DCABF60034ABE7 /* AppleSystemService.h */ = {isa = PBXFileReference; lastKnownFileType = sourcecode.c.h; path = AppleSystemService.h; sourceTree = "<group>"; };
		3F745B0121DCABF60034ABE7 /* AppleSystemService.m */ = {isa = PBXFileReference; lastKnownFileType = sourcecode.c.objc; path = AppleSystemService.m; sourceTree = "<group>"; };
		3F745B0421DCAF890034ABE7 /* UIView+AnimationProperty.h */ = {isa = PBXFileReference; lastKnownFileType = sourcecode.c.h; path = "UIView+AnimationProperty.h"; sourceTree = "<group>"; };
		3F745B0521DCAF890034ABE7 /* UIView+AnimationProperty.m */ = {isa = PBXFileReference; lastKnownFileType = sourcecode.c.objc; path = "UIView+AnimationProperty.m"; sourceTree = "<group>"; };
		3F745B0721DCB4140034ABE7 /* NotificationEvent.h */ = {isa = PBXFileReference; lastKnownFileType = sourcecode.c.h; path = NotificationEvent.h; sourceTree = "<group>"; };
		3F745B0821DCB4140034ABE7 /* NotificationEvent.m */ = {isa = PBXFileReference; lastKnownFileType = sourcecode.c.objc; path = NotificationEvent.m; sourceTree = "<group>"; };
		3F745B0B21DDA1330034ABE7 /* CustomViewController.h */ = {isa = PBXFileReference; lastKnownFileType = sourcecode.c.h; path = CustomViewController.h; sourceTree = "<group>"; };
		3F745B0C21DDA1330034ABE7 /* CustomViewController.m */ = {isa = PBXFileReference; lastKnownFileType = sourcecode.c.objc; path = CustomViewController.m; sourceTree = "<group>"; };
		3F745B0E21DDA1790034ABE7 /* BaseCustomViewController.h */ = {isa = PBXFileReference; lastKnownFileType = sourcecode.c.h; path = BaseCustomViewController.h; sourceTree = "<group>"; };
		3F745B0F21DDA1790034ABE7 /* BaseCustomViewController.m */ = {isa = PBXFileReference; lastKnownFileType = sourcecode.c.objc; path = BaseCustomViewController.m; sourceTree = "<group>"; };
		3F745B1121DDA1ED0034ABE7 /* AnimationsListController.h */ = {isa = PBXFileReference; lastKnownFileType = sourcecode.c.h; path = AnimationsListController.h; sourceTree = "<group>"; };
		3F745B1221DDA1ED0034ABE7 /* AnimationsListController.m */ = {isa = PBXFileReference; lastKnownFileType = sourcecode.c.objc; path = AnimationsListController.m; sourceTree = "<group>"; };
		3F745B1521DDA5630034ABE7 /* Item.h */ = {isa = PBXFileReference; lastKnownFileType = sourcecode.c.h; path = Item.h; sourceTree = "<group>"; };
		3F745B1621DDA5630034ABE7 /* Item.m */ = {isa = PBXFileReference; lastKnownFileType = sourcecode.c.objc; path = Item.m; sourceTree = "<group>"; };
		3F745B1821DDDBDE0034ABE7 /* ControllersHeader.h */ = {isa = PBXFileReference; lastKnownFileType = sourcecode.c.h; path = ControllersHeader.h; sourceTree = "<group>"; };
		3F745B1A21DDDE230034ABE7 /* TestCell.h */ = {isa = PBXFileReference; lastKnownFileType = sourcecode.c.h; path = TestCell.h; sourceTree = "<group>"; };
		3F745B1B21DDDE230034ABE7 /* TestCell.m */ = {isa = PBXFileReference; lastKnownFileType = sourcecode.c.objc; path = TestCell.m; sourceTree = "<group>"; };
		3F745B1D21DDE5EC0034ABE7 /* IndexRange.h */ = {isa = PBXFileReference; lastKnownFileType = sourcecode.c.h; path = IndexRange.h; sourceTree = "<group>"; };
		3F745B1E21DDE5EC0034ABE7 /* IndexRange.m */ = {isa = PBXFileReference; lastKnownFileType = sourcecode.c.objc; path = IndexRange.m; sourceTree = "<group>"; };
		3F745B2221DDF0B10034ABE7 /* GCDSemaphore.h */ = {isa = PBXFileReference; fileEncoding = 4; lastKnownFileType = sourcecode.c.h; path = GCDSemaphore.h; sourceTree = "<group>"; };
		3F745B2321DDF0B10034ABE7 /* GCDQueue.m */ = {isa = PBXFileReference; fileEncoding = 4; lastKnownFileType = sourcecode.c.objc; path = GCDQueue.m; sourceTree = "<group>"; };
		3F745B2421DDF0B10034ABE7 /* GCDTimer.m */ = {isa = PBXFileReference; fileEncoding = 4; lastKnownFileType = sourcecode.c.objc; path = GCDTimer.m; sourceTree = "<group>"; };
		3F745B2521DDF0B10034ABE7 /* GCDGroup.m */ = {isa = PBXFileReference; fileEncoding = 4; lastKnownFileType = sourcecode.c.objc; path = GCDGroup.m; sourceTree = "<group>"; };
		3F745B2621DDF0B10034ABE7 /* GCD.h */ = {isa = PBXFileReference; fileEncoding = 4; lastKnownFileType = sourcecode.c.h; path = GCD.h; sourceTree = "<group>"; };
		3F745B2721DDF0B10034ABE7 /* GCDSemaphore.m */ = {isa = PBXFileReference; fileEncoding = 4; lastKnownFileType = sourcecode.c.objc; path = GCDSemaphore.m; sourceTree = "<group>"; };
		3F745B2821DDF0B10034ABE7 /* GCDQueue.h */ = {isa = PBXFileReference; fileEncoding = 4; lastKnownFileType = sourcecode.c.h; path = GCDQueue.h; sourceTree = "<group>"; };
		3F745B2921DDF0B10034ABE7 /* GCDGroup.h */ = {isa = PBXFileReference; fileEncoding = 4; lastKnownFileType = sourcecode.c.h; path = GCDGroup.h; sourceTree = "<group>"; };
		3F745B2A21DDF0B10034ABE7 /* GCDTimer.h */ = {isa = PBXFileReference; fileEncoding = 4; lastKnownFileType = sourcecode.c.h; path = GCDTimer.h; sourceTree = "<group>"; };
		3F745B2F21DDF4830034ABE7 /* DefaultNotificationCenter.h */ = {isa = PBXFileReference; lastKnownFileType = sourcecode.c.h; path = DefaultNotificationCenter.h; sourceTree = "<group>"; };
		3F745B3021DDF4830034ABE7 /* DefaultNotificationCenter.m */ = {isa = PBXFileReference; lastKnownFileType = sourcecode.c.objc; path = DefaultNotificationCenter.m; sourceTree = "<group>"; };
		3F745B3221DEF8800034ABE7 /* ControllerBaseViewConfig.h */ = {isa = PBXFileReference; lastKnownFileType = sourcecode.c.h; path = ControllerBaseViewConfig.h; sourceTree = "<group>"; };
		3F745B3321DEF8800034ABE7 /* ControllerBaseViewConfig.m */ = {isa = PBXFileReference; lastKnownFileType = sourcecode.c.objc; path = ControllerBaseViewConfig.m; sourceTree = "<group>"; };
		3F745B3521DF07210034ABE7 /* ShowLoadingView.h */ = {isa = PBXFileReference; lastKnownFileType = sourcecode.c.h; path = ShowLoadingView.h; sourceTree = "<group>"; };
		3F745B3621DF07210034ABE7 /* ShowLoadingView.m */ = {isa = PBXFileReference; lastKnownFileType = sourcecode.c.objc; path = ShowLoadingView.m; sourceTree = "<group>"; };
		3F745B3821DF2F1D0034ABE7 /* DeviceInfo.h */ = {isa = PBXFileReference; fileEncoding = 4; lastKnownFileType = sourcecode.c.h; path = DeviceInfo.h; sourceTree = "<group>"; };
		3F745B3921DF2F1D0034ABE7 /* DeviceInfo.m */ = {isa = PBXFileReference; fileEncoding = 4; lastKnownFileType = sourcecode.c.objc; path = DeviceInfo.m; sourceTree = "<group>"; };
		3F745B3B21DF31C20034ABE7 /* UIView+SetRect.h */ = {isa = PBXFileReference; fileEncoding = 4; lastKnownFileType = sourcecode.c.h; path = "UIView+SetRect.h"; sourceTree = "<group>"; };
		3F745B3C21DF31C30034ABE7 /* UIView+SetRect.m */ = {isa = PBXFileReference; fileEncoding = 4; lastKnownFileType = sourcecode.c.objc; path = "UIView+SetRect.m"; sourceTree = "<group>"; };
		3F745B3E21DF348D0034ABE7 /* BackgroundLineView.m */ = {isa = PBXFileReference; fileEncoding = 4; lastKnownFileType = sourcecode.c.objc; path = BackgroundLineView.m; sourceTree = "<group>"; };
		3F745B3F21DF348D0034ABE7 /* BackgroundLineView.h */ = {isa = PBXFileReference; fileEncoding = 4; lastKnownFileType = sourcecode.c.h; path = BackgroundLineView.h; sourceTree = "<group>"; };
		3F745B4121DF35980034ABE7 /* UIFont+Fonts.h */ = {isa = PBXFileReference; fileEncoding = 4; lastKnownFileType = sourcecode.c.h; path = "UIFont+Fonts.h"; sourceTree = "<group>"; };
		3F745B4221DF35980034ABE7 /* UIFont+Fonts.m */ = {isa = PBXFileReference; fileEncoding = 4; lastKnownFileType = sourcecode.c.objc; path = "UIFont+Fonts.m"; sourceTree = "<group>"; };
		3F745B4421DF36010034ABE7 /* UIView+AnimationsListViewController.h */ = {isa = PBXFileReference; fileEncoding = 4; lastKnownFileType = sourcecode.c.h; path = "UIView+AnimationsListViewController.h"; sourceTree = "<group>"; };
		3F745B4521DF36010034ABE7 /* UIView+AnimationsListViewController.m */ = {isa = PBXFileReference; fileEncoding = 4; lastKnownFileType = sourcecode.c.objc; path = "UIView+AnimationsListViewController.m"; sourceTree = "<group>"; };
		3F745B4721DF36C00034ABE7 /* UIView+GlowView.m */ = {isa = PBXFileReference; fileEncoding = 4; lastKnownFileType = sourcecode.c.objc; path = "UIView+GlowView.m"; sourceTree = "<group>"; };
		3F745B4821DF36C00034ABE7 /* UIView+GlowView.h */ = {isa = PBXFileReference; fileEncoding = 4; lastKnownFileType = sourcecode.c.h; path = "UIView+GlowView.h"; sourceTree = "<group>"; };
		8996BFF1DBB9B262DDC3AB92 /* Pods-TransformTest.release.xcconfig */ = {isa = PBXFileReference; includeInIndex = 1; lastKnownFileType = text.xcconfig; name = "Pods-TransformTest.release.xcconfig"; path = "Pods/Target Support Files/Pods-TransformTest/Pods-TransformTest.release.xcconfig"; sourceTree = "<group>"; };
		C491DA48B69268E6F2850A62 /* Pods-TransformTest.debug.xcconfig */ = {isa = PBXFileReference; includeInIndex = 1; lastKnownFileType = text.xcconfig; name = "Pods-TransformTest.debug.xcconfig"; path = "Pods/Target Support Files/Pods-TransformTest/Pods-TransformTest.debug.xcconfig"; sourceTree = "<group>"; };
		E9E5125F39BC079EF23396D3 /* Pods_TransformTest.framework */ = {isa = PBXFileReference; explicitFileType = wrapper.framework; includeInIndex = 0; path = Pods_TransformTest.framework; sourceTree = BUILT_PRODUCTS_DIR; };
/* End PBXFileReference section */

/* Begin PBXFrameworksBuildPhase section */
		3F745ABE21D719840034ABE7 /* Frameworks */ = {
			isa = PBXFrameworksBuildPhase;
			buildActionMask = 2147483647;
			files = (
				D749FF479002B6947F2AAF14 /* Pods_TransformTest.framework in Frameworks */,
			);
			runOnlyForDeploymentPostprocessing = 0;
		};
		3F745AD621D719880034ABE7 /* Frameworks */ = {
			isa = PBXFrameworksBuildPhase;
			buildActionMask = 2147483647;
			files = (
			);
			runOnlyForDeploymentPostprocessing = 0;
		};
		3F745AE121D719880034ABE7 /* Frameworks */ = {
			isa = PBXFrameworksBuildPhase;
			buildActionMask = 2147483647;
			files = (
			);
			runOnlyForDeploymentPostprocessing = 0;
		};
/* End PBXFrameworksBuildPhase section */

/* Begin PBXGroup section */
		27D10CBEA4E6B133EF871B1F /* Pods */ = {
			isa = PBXGroup;
			children = (
				C491DA48B69268E6F2850A62 /* Pods-TransformTest.debug.xcconfig */,
				8996BFF1DBB9B262DDC3AB92 /* Pods-TransformTest.release.xcconfig */,
			);
			name = Pods;
			sourceTree = "<group>";
		};
		3F745AB821D719830034ABE7 = {
			isa = PBXGroup;
			children = (
				3F745AC321D719840034ABE7 /* TransformTest */,
				3F745ADC21D719880034ABE7 /* TransformTestTests */,
				3F745AE721D719880034ABE7 /* TransformTestUITests */,
				3F745AC221D719840034ABE7 /* Products */,
				27D10CBEA4E6B133EF871B1F /* Pods */,
				C0C162635DE5A1B8A77A5598 /* Frameworks */,
			);
			sourceTree = "<group>";
		};
		3F745AC221D719840034ABE7 /* Products */ = {
			isa = PBXGroup;
			children = (
				3F745AC121D719840034ABE7 /* TransformTest.app */,
				3F745AD921D719880034ABE7 /* TransformTestTests.xctest */,
				3F745AE421D719880034ABE7 /* TransformTestUITests.xctest */,
			);
			name = Products;
			sourceTree = "<group>";
		};
		3F745AC321D719840034ABE7 /* TransformTest */ = {
			isa = PBXGroup;
			children = (
				3F745B2021DDF09D0034ABE7 /* ThirdParty */,
				3F745B1921DDDCC80034ABE7 /* Test */,
				3F745B1421DDA5500034ABE7 /* Item */,
				3F745B0A21DDA11E0034ABE7 /* CustomView */,
				3F745B0321DCAF6C0034ABE7 /* Category */,
				3F745AFF21DCABE60034ABE7 /* Config */,
				3F745AF821DCAA3B0034ABE7 /* NavigationController */,
				3F745AC421D719840034ABE7 /* AppDelegate.h */,
				3F745AC521D719840034ABE7 /* AppDelegate.m */,
				3F745AC721D719840034ABE7 /* ViewController.h */,
				3F745AC821D719840034ABE7 /* ViewController.m */,
				3F745ACA21D719840034ABE7 /* Main.storyboard */,
				3F745ACD21D719880034ABE7 /* Assets.xcassets */,
				3F745ACF21D719880034ABE7 /* LaunchScreen.storyboard */,
				3F745AD221D719880034ABE7 /* Info.plist */,
				3F745AD321D719880034ABE7 /* main.m */,
			);
			path = TransformTest;
			sourceTree = "<group>";
		};
		3F745ADC21D719880034ABE7 /* TransformTestTests */ = {
			isa = PBXGroup;
			children = (
				3F745ADD21D719880034ABE7 /* TransformTestTests.m */,
				3F745ADF21D719880034ABE7 /* Info.plist */,
			);
			path = TransformTestTests;
			sourceTree = "<group>";
		};
		3F745AE721D719880034ABE7 /* TransformTestUITests */ = {
			isa = PBXGroup;
			children = (
				3F745AE821D719880034ABE7 /* TransformTestUITests.m */,
				3F745AEA21D719880034ABE7 /* Info.plist */,
			);
			path = TransformTestUITests;
			sourceTree = "<group>";
		};
		3F745AF821DCAA3B0034ABE7 /* NavigationController */ = {
			isa = PBXGroup;
			children = (
				3F745AF921DCAA560034ABE7 /* BaseCustomNavigationController.h */,
				3F745AFA21DCAA560034ABE7 /* BaseCustomNavigationController.m */,
				3F745AFC21DCAA970034ABE7 /* AnimationsListViewNavigationControllerViewController.h */,
				3F745AFD21DCAA970034ABE7 /* AnimationsListViewNavigationControllerViewController.m */,
			);
			path = NavigationController;
			sourceTree = "<group>";
		};
		3F745AFF21DCABE60034ABE7 /* Config */ = {
			isa = PBXGroup;
			children = (
				3F745B3821DF2F1D0034ABE7 /* DeviceInfo.h */,
				3F745B3921DF2F1D0034ABE7 /* DeviceInfo.m */,
				3F745B0021DCABF60034ABE7 /* AppleSystemService.h */,
				3F745B0121DCABF60034ABE7 /* AppleSystemService.m */,
				3F745B0721DCB4140034ABE7 /* NotificationEvent.h */,
				3F745B0821DCB4140034ABE7 /* NotificationEvent.m */,
				3F745B1821DDDBDE0034ABE7 /* ControllersHeader.h */,
				3F745B3221DEF8800034ABE7 /* ControllerBaseViewConfig.h */,
				3F745B3321DEF8800034ABE7 /* ControllerBaseViewConfig.m */,
			);
			path = Config;
			sourceTree = "<group>";
		};
		3F745B0321DCAF6C0034ABE7 /* Category */ = {
			isa = PBXGroup;
			children = (
				3F745B4821DF36C00034ABE7 /* UIView+GlowView.h */,
				3F745B4721DF36C00034ABE7 /* UIView+GlowView.m */,
				3F745B4421DF36010034ABE7 /* UIView+AnimationsListViewController.h */,
				3F745B4521DF36010034ABE7 /* UIView+AnimationsListViewController.m */,
				3F745B4121DF35980034ABE7 /* UIFont+Fonts.h */,
				3F745B4221DF35980034ABE7 /* UIFont+Fonts.m */,
				3F745B3B21DF31C20034ABE7 /* UIView+SetRect.h */,
				3F745B3C21DF31C30034ABE7 /* UIView+SetRect.m */,
				3F745B0421DCAF890034ABE7 /* UIView+AnimationProperty.h */,
				3F745B0521DCAF890034ABE7 /* UIView+AnimationProperty.m */,
				3F745B1D21DDE5EC0034ABE7 /* IndexRange.h */,
				3F745B1E21DDE5EC0034ABE7 /* IndexRange.m */,
				3F745B2F21DDF4830034ABE7 /* DefaultNotificationCenter.h */,
				3F745B3021DDF4830034ABE7 /* DefaultNotificationCenter.m */,
			);
			path = Category;
			sourceTree = "<group>";
		};
		3F745B0A21DDA11E0034ABE7 /* CustomView */ = {
			isa = PBXGroup;
			children = (
				3F745B3F21DF348D0034ABE7 /* BackgroundLineView.h */,
				3F745B3E21DF348D0034ABE7 /* BackgroundLineView.m */,
				3F745B0B21DDA1330034ABE7 /* CustomViewController.h */,
				3F745B0C21DDA1330034ABE7 /* CustomViewController.m */,
				3F745B0E21DDA1790034ABE7 /* BaseCustomViewController.h */,
				3F745B0F21DDA1790034ABE7 /* BaseCustomViewController.m */,
				3F745B1121DDA1ED0034ABE7 /* AnimationsListController.h */,
				3F745B1221DDA1ED0034ABE7 /* AnimationsListController.m */,
				3F745B3521DF07210034ABE7 /* ShowLoadingView.h */,
				3F745B3621DF07210034ABE7 /* ShowLoadingView.m */,
			);
			path = CustomView;
			sourceTree = "<group>";
		};
		3F745B1421DDA5500034ABE7 /* Item */ = {
			isa = PBXGroup;
			children = (
				3F745B1521DDA5630034ABE7 /* Item.h */,
				3F745B1621DDA5630034ABE7 /* Item.m */,
			);
			path = Item;
			sourceTree = "<group>";
		};
		3F745B1921DDDCC80034ABE7 /* Test */ = {
			isa = PBXGroup;
			children = (
				3F745B1A21DDDE230034ABE7 /* TestCell.h */,
				3F745B1B21DDDE230034ABE7 /* TestCell.m */,
			);
			path = Test;
			sourceTree = "<group>";
		};
		3F745B2021DDF09D0034ABE7 /* ThirdParty */ = {
			isa = PBXGroup;
			children = (
				3F745B2121DDF0B10034ABE7 /* GCD */,
			);
			path = ThirdParty;
			sourceTree = "<group>";
		};
		3F745B2121DDF0B10034ABE7 /* GCD */ = {
			isa = PBXGroup;
			children = (
				3F745B2221DDF0B10034ABE7 /* GCDSemaphore.h */,
				3F745B2321DDF0B10034ABE7 /* GCDQueue.m */,
				3F745B2421DDF0B10034ABE7 /* GCDTimer.m */,
				3F745B2521DDF0B10034ABE7 /* GCDGroup.m */,
				3F745B2621DDF0B10034ABE7 /* GCD.h */,
				3F745B2721DDF0B10034ABE7 /* GCDSemaphore.m */,
				3F745B2821DDF0B10034ABE7 /* GCDQueue.h */,
				3F745B2921DDF0B10034ABE7 /* GCDGroup.h */,
				3F745B2A21DDF0B10034ABE7 /* GCDTimer.h */,
			);
			path = GCD;
			sourceTree = "<group>";
		};
		C0C162635DE5A1B8A77A5598 /* Frameworks */ = {
			isa = PBXGroup;
			children = (
				E9E5125F39BC079EF23396D3 /* Pods_TransformTest.framework */,
			);
			name = Frameworks;
			sourceTree = "<group>";
		};
/* End PBXGroup section */

/* Begin PBXNativeTarget section */
		3F745AC021D719840034ABE7 /* TransformTest */ = {
			isa = PBXNativeTarget;
			buildConfigurationList = 3F745AED21D719880034ABE7 /* Build configuration list for PBXNativeTarget "TransformTest" */;
			buildPhases = (
				238372AFA74F2A11626DAABC /* [CP] Check Pods Manifest.lock */,
				3F745ABD21D719840034ABE7 /* Sources */,
				3F745ABE21D719840034ABE7 /* Frameworks */,
				3F745ABF21D719840034ABE7 /* Resources */,
				3111FC6F5BF74A530A9E227B /* [CP] Embed Pods Frameworks */,
			);
			buildRules = (
			);
			dependencies = (
			);
			name = TransformTest;
			productName = TransformTest;
			productReference = 3F745AC121D719840034ABE7 /* TransformTest.app */;
			productType = "com.apple.product-type.application";
		};
		3F745AD821D719880034ABE7 /* TransformTestTests */ = {
			isa = PBXNativeTarget;
			buildConfigurationList = 3F745AF021D719880034ABE7 /* Build configuration list for PBXNativeTarget "TransformTestTests" */;
			buildPhases = (
				3F745AD521D719880034ABE7 /* Sources */,
				3F745AD621D719880034ABE7 /* Frameworks */,
				3F745AD721D719880034ABE7 /* Resources */,
			);
			buildRules = (
			);
			dependencies = (
				3F745ADB21D719880034ABE7 /* PBXTargetDependency */,
			);
			name = TransformTestTests;
			productName = TransformTestTests;
			productReference = 3F745AD921D719880034ABE7 /* TransformTestTests.xctest */;
			productType = "com.apple.product-type.bundle.unit-test";
		};
		3F745AE321D719880034ABE7 /* TransformTestUITests */ = {
			isa = PBXNativeTarget;
			buildConfigurationList = 3F745AF321D719880034ABE7 /* Build configuration list for PBXNativeTarget "TransformTestUITests" */;
			buildPhases = (
				3F745AE021D719880034ABE7 /* Sources */,
				3F745AE121D719880034ABE7 /* Frameworks */,
				3F745AE221D719880034ABE7 /* Resources */,
			);
			buildRules = (
			);
			dependencies = (
				3F745AE621D719880034ABE7 /* PBXTargetDependency */,
			);
			name = TransformTestUITests;
			productName = TransformTestUITests;
			productReference = 3F745AE421D719880034ABE7 /* TransformTestUITests.xctest */;
			productType = "com.apple.product-type.bundle.ui-testing";
		};
/* End PBXNativeTarget section */

/* Begin PBXProject section */
		3F745AB921D719830034ABE7 /* Project object */ = {
			isa = PBXProject;
			attributes = {
				LastUpgradeCheck = 1010;
				ORGANIZATIONNAME = well;
				TargetAttributes = {
					3F745AC021D719840034ABE7 = {
						CreatedOnToolsVersion = 10.1;
					};
					3F745AD821D719880034ABE7 = {
						CreatedOnToolsVersion = 10.1;
						TestTargetID = 3F745AC021D719840034ABE7;
					};
					3F745AE321D719880034ABE7 = {
						CreatedOnToolsVersion = 10.1;
						TestTargetID = 3F745AC021D719840034ABE7;
					};
				};
			};
			buildConfigurationList = 3F745ABC21D719830034ABE7 /* Build configuration list for PBXProject "TransformTest" */;
			compatibilityVersion = "Xcode 9.3";
			developmentRegion = en;
			hasScannedForEncodings = 0;
			knownRegions = (
				en,
				Base,
			);
			mainGroup = 3F745AB821D719830034ABE7;
			productRefGroup = 3F745AC221D719840034ABE7 /* Products */;
			projectDirPath = "";
			projectRoot = "";
			targets = (
				3F745AC021D719840034ABE7 /* TransformTest */,
				3F745AD821D719880034ABE7 /* TransformTestTests */,
				3F745AE321D719880034ABE7 /* TransformTestUITests */,
			);
		};
/* End PBXProject section */

/* Begin PBXResourcesBuildPhase section */
		3F745ABF21D719840034ABE7 /* Resources */ = {
			isa = PBXResourcesBuildPhase;
			buildActionMask = 2147483647;
			files = (
				3F745AD121D719880034ABE7 /* LaunchScreen.storyboard in Resources */,
				3F745ACE21D719880034ABE7 /* Assets.xcassets in Resources */,
				3F745ACC21D719840034ABE7 /* Main.storyboard in Resources */,
			);
			runOnlyForDeploymentPostprocessing = 0;
		};
		3F745AD721D719880034ABE7 /* Resources */ = {
			isa = PBXResourcesBuildPhase;
			buildActionMask = 2147483647;
			files = (
			);
			runOnlyForDeploymentPostprocessing = 0;
		};
		3F745AE221D719880034ABE7 /* Resources */ = {
			isa = PBXResourcesBuildPhase;
			buildActionMask = 2147483647;
			files = (
			);
			runOnlyForDeploymentPostprocessing = 0;
		};
/* End PBXResourcesBuildPhase section */

/* Begin PBXShellScriptBuildPhase section */
		238372AFA74F2A11626DAABC /* [CP] Check Pods Manifest.lock */ = {
			isa = PBXShellScriptBuildPhase;
			buildActionMask = 2147483647;
			files = (
			);
			inputPaths = (
				"${PODS_PODFILE_DIR_PATH}/Podfile.lock",
				"${PODS_ROOT}/Manifest.lock",
			);
			name = "[CP] Check Pods Manifest.lock";
			outputPaths = (
				"$(DERIVED_FILE_DIR)/Pods-TransformTest-checkManifestLockResult.txt",
			);
			runOnlyForDeploymentPostprocessing = 0;
			shellPath = /bin/sh;
			shellScript = "diff \"${PODS_PODFILE_DIR_PATH}/Podfile.lock\" \"${PODS_ROOT}/Manifest.lock\" > /dev/null\nif [ $? != 0 ] ; then\n    # print error to STDERR\n    echo \"error: The sandbox is not in sync with the Podfile.lock. Run 'pod install' or update your CocoaPods installation.\" >&2\n    exit 1\nfi\n# This output is used by Xcode 'outputs' to avoid re-running this script phase.\necho \"SUCCESS\" > \"${SCRIPT_OUTPUT_FILE_0}\"\n";
			showEnvVarsInLog = 0;
		};
		3111FC6F5BF74A530A9E227B /* [CP] Embed Pods Frameworks */ = {
			isa = PBXShellScriptBuildPhase;
			buildActionMask = 2147483647;
			files = (
			);
			inputPaths = (
				"${SRCROOT}/Pods/Target Support Files/Pods-TransformTest/Pods-TransformTest-frameworks.sh",
				"${BUILT_PRODUCTS_DIR}/Masonry/Masonry.framework",
				"${BUILT_PRODUCTS_DIR}/pop/pop.framework",
			);
			name = "[CP] Embed Pods Frameworks";
			outputPaths = (
				"${TARGET_BUILD_DIR}/${FRAMEWORKS_FOLDER_PATH}/Masonry.framework",
				"${TARGET_BUILD_DIR}/${FRAMEWORKS_FOLDER_PATH}/pop.framework",
			);
			runOnlyForDeploymentPostprocessing = 0;
			shellPath = /bin/sh;
			shellScript = "\"${SRCROOT}/Pods/Target Support Files/Pods-TransformTest/Pods-TransformTest-frameworks.sh\"\n";
			showEnvVarsInLog = 0;
		};
/* End PBXShellScriptBuildPhase section */

/* Begin PBXSourcesBuildPhase section */
		3F745ABD21D719840034ABE7 /* Sources */ = {
			isa = PBXSourcesBuildPhase;
			buildActionMask = 2147483647;
			files = (
				3F745B1721DDA5630034ABE7 /* Item.m in Sources */,
				3F745B3421DEF8800034ABE7 /* ControllerBaseViewConfig.m in Sources */,
				3F745AFE21DCAA970034ABE7 /* AnimationsListViewNavigationControllerViewController.m in Sources */,
				3F745B3A21DF2F1D0034ABE7 /* DeviceInfo.m in Sources */,
				3F745AC921D719840034ABE7 /* ViewController.m in Sources */,
				3F745AD421D719880034ABE7 /* main.m in Sources */,
				3F745B4921DF36C10034ABE7 /* UIView+GlowView.m in Sources */,
				3F745B2C21DDF0B10034ABE7 /* GCDTimer.m in Sources */,
				3F745B2B21DDF0B10034ABE7 /* GCDQueue.m in Sources */,
				3F745B2D21DDF0B10034ABE7 /* GCDGroup.m in Sources */,
				3F745B0621DCAF890034ABE7 /* UIView+AnimationProperty.m in Sources */,
				3F745B4021DF348E0034ABE7 /* BackgroundLineView.m in Sources */,
				3F745B1C21DDDE230034ABE7 /* TestCell.m in Sources */,
				3F745B1F21DDE5EC0034ABE7 /* IndexRange.m in Sources */,
				3F745B4321DF35980034ABE7 /* UIFont+Fonts.m in Sources */,
				3F745B3121DDF4830034ABE7 /* DefaultNotificationCenter.m in Sources */,
				3F745B1021DDA1790034ABE7 /* BaseCustomViewController.m in Sources */,
				3F745B3721DF07210034ABE7 /* ShowLoadingView.m in Sources */,
				3F745B0D21DDA1330034ABE7 /* CustomViewController.m in Sources */,
				3F745B4621DF36010034ABE7 /* UIView+AnimationsListViewController.m in Sources */,
				3F745B1321DDA1ED0034ABE7 /* AnimationsListController.m in Sources */,
				3F745B0221DCABF60034ABE7 /* AppleSystemService.m in Sources */,
				3F745AFB21DCAA560034ABE7 /* BaseCustomNavigationController.m in Sources */,
				3F745B3D21DF31C30034ABE7 /* UIView+SetRect.m in Sources */,
				3F745AC621D719840034ABE7 /* AppDelegate.m in Sources */,
				3F745B0921DCB4140034ABE7 /* NotificationEvent.m in Sources */,
				3F745B2E21DDF0B10034ABE7 /* GCDSemaphore.m in Sources */,
			);
			runOnlyForDeploymentPostprocessing = 0;
		};
		3F745AD521D719880034ABE7 /* Sources */ = {
			isa = PBXSourcesBuildPhase;
			buildActionMask = 2147483647;
			files = (
				3F745ADE21D719880034ABE7 /* TransformTestTests.m in Sources */,
			);
			runOnlyForDeploymentPostprocessing = 0;
		};
		3F745AE021D719880034ABE7 /* Sources */ = {
			isa = PBXSourcesBuildPhase;
			buildActionMask = 2147483647;
			files = (
				3F745AE921D719880034ABE7 /* TransformTestUITests.m in Sources */,
			);
			runOnlyForDeploymentPostprocessing = 0;
		};
/* End PBXSourcesBuildPhase section */

/* Begin PBXTargetDependency section */
		3F745ADB21D719880034ABE7 /* PBXTargetDependency */ = {
			isa = PBXTargetDependency;
			target = 3F745AC021D719840034ABE7 /* TransformTest */;
			targetProxy = 3F745ADA21D719880034ABE7 /* PBXContainerItemProxy */;
		};
		3F745AE621D719880034ABE7 /* PBXTargetDependency */ = {
			isa = PBXTargetDependency;
			target = 3F745AC021D719840034ABE7 /* TransformTest */;
			targetProxy = 3F745AE521D719880034ABE7 /* PBXContainerItemProxy */;
		};
/* End PBXTargetDependency section */

/* Begin PBXVariantGroup section */
		3F745ACA21D719840034ABE7 /* Main.storyboard */ = {
			isa = PBXVariantGroup;
			children = (
				3F745ACB21D719840034ABE7 /* Base */,
			);
			name = Main.storyboard;
			sourceTree = "<group>";
		};
		3F745ACF21D719880034ABE7 /* LaunchScreen.storyboard */ = {
			isa = PBXVariantGroup;
			children = (
				3F745AD021D719880034ABE7 /* Base */,
			);
			name = LaunchScreen.storyboard;
			sourceTree = "<group>";
		};
/* End PBXVariantGroup section */

/* Begin XCBuildConfiguration section */
		3F745AEB21D719880034ABE7 /* Debug */ = {
			isa = XCBuildConfiguration;
			buildSettings = {
				ALWAYS_SEARCH_USER_PATHS = NO;
				CLANG_ANALYZER_NONNULL = YES;
				CLANG_ANALYZER_NUMBER_OBJECT_CONVERSION = YES_AGGRESSIVE;
				CLANG_CXX_LANGUAGE_STANDARD = "gnu++14";
				CLANG_CXX_LIBRARY = "libc++";
				CLANG_ENABLE_MODULES = YES;
				CLANG_ENABLE_OBJC_ARC = YES;
				CLANG_ENABLE_OBJC_WEAK = YES;
				CLANG_WARN_BLOCK_CAPTURE_AUTORELEASING = YES;
				CLANG_WARN_BOOL_CONVERSION = YES;
				CLANG_WARN_COMMA = YES;
				CLANG_WARN_CONSTANT_CONVERSION = YES;
				CLANG_WARN_DEPRECATED_OBJC_IMPLEMENTATIONS = YES;
				CLANG_WARN_DIRECT_OBJC_ISA_USAGE = YES_ERROR;
				CLANG_WARN_DOCUMENTATION_COMMENTS = YES;
				CLANG_WARN_EMPTY_BODY = YES;
				CLANG_WARN_ENUM_CONVERSION = YES;
				CLANG_WARN_INFINITE_RECURSION = YES;
				CLANG_WARN_INT_CONVERSION = YES;
				CLANG_WARN_NON_LITERAL_NULL_CONVERSION = YES;
				CLANG_WARN_OBJC_IMPLICIT_RETAIN_SELF = YES;
				CLANG_WARN_OBJC_LITERAL_CONVERSION = YES;
				CLANG_WARN_OBJC_ROOT_CLASS = YES_ERROR;
				CLANG_WARN_RANGE_LOOP_ANALYSIS = YES;
				CLANG_WARN_STRICT_PROTOTYPES = YES;
				CLANG_WARN_SUSPICIOUS_MOVE = YES;
				CLANG_WARN_UNGUARDED_AVAILABILITY = YES_AGGRESSIVE;
				CLANG_WARN_UNREACHABLE_CODE = YES;
				CLANG_WARN__DUPLICATE_METHOD_MATCH = YES;
				CODE_SIGN_IDENTITY = "iPhone Developer";
				COPY_PHASE_STRIP = NO;
				DEBUG_INFORMATION_FORMAT = dwarf;
				ENABLE_STRICT_OBJC_MSGSEND = YES;
				ENABLE_TESTABILITY = YES;
				GCC_C_LANGUAGE_STANDARD = gnu11;
				GCC_DYNAMIC_NO_PIC = NO;
				GCC_NO_COMMON_BLOCKS = YES;
				GCC_OPTIMIZATION_LEVEL = 0;
				GCC_PREPROCESSOR_DEFINITIONS = (
					"DEBUG=1",
					"$(inherited)",
				);
				GCC_WARN_64_TO_32_BIT_CONVERSION = YES;
				GCC_WARN_ABOUT_RETURN_TYPE = YES_ERROR;
				GCC_WARN_UNDECLARED_SELECTOR = YES;
				GCC_WARN_UNINITIALIZED_AUTOS = YES_AGGRESSIVE;
				GCC_WARN_UNUSED_FUNCTION = YES;
				GCC_WARN_UNUSED_VARIABLE = YES;
				IPHONEOS_DEPLOYMENT_TARGET = 12.1;
				MTL_ENABLE_DEBUG_INFO = INCLUDE_SOURCE;
				MTL_FAST_MATH = YES;
				ONLY_ACTIVE_ARCH = YES;
				SDKROOT = iphoneos;
			};
			name = Debug;
		};
		3F745AEC21D719880034ABE7 /* Release */ = {
			isa = XCBuildConfiguration;
			buildSettings = {
				ALWAYS_SEARCH_USER_PATHS = NO;
				CLANG_ANALYZER_NONNULL = YES;
				CLANG_ANALYZER_NUMBER_OBJECT_CONVERSION = YES_AGGRESSIVE;
				CLANG_CXX_LANGUAGE_STANDARD = "gnu++14";
				CLANG_CXX_LIBRARY = "libc++";
				CLANG_ENABLE_MODULES = YES;
				CLANG_ENABLE_OBJC_ARC = YES;
				CLANG_ENABLE_OBJC_WEAK = YES;
				CLANG_WARN_BLOCK_CAPTURE_AUTORELEASING = YES;
				CLANG_WARN_BOOL_CONVERSION = YES;
				CLANG_WARN_COMMA = YES;
				CLANG_WARN_CONSTANT_CONVERSION = YES;
				CLANG_WARN_DEPRECATED_OBJC_IMPLEMENTATIONS = YES;
				CLANG_WARN_DIRECT_OBJC_ISA_USAGE = YES_ERROR;
				CLANG_WARN_DOCUMENTATION_COMMENTS = YES;
				CLANG_WARN_EMPTY_BODY = YES;
				CLANG_WARN_ENUM_CONVERSION = YES;
				CLANG_WARN_INFINITE_RECURSION = YES;
				CLANG_WARN_INT_CONVERSION = YES;
				CLANG_WARN_NON_LITERAL_NULL_CONVERSION = YES;
				CLANG_WARN_OBJC_IMPLICIT_RETAIN_SELF = YES;
				CLANG_WARN_OBJC_LITERAL_CONVERSION = YES;
				CLANG_WARN_OBJC_ROOT_CLASS = YES_ERROR;
				CLANG_WARN_RANGE_LOOP_ANALYSIS = YES;
				CLANG_WARN_STRICT_PROTOTYPES = YES;
				CLANG_WARN_SUSPICIOUS_MOVE = YES;
				CLANG_WARN_UNGUARDED_AVAILABILITY = YES_AGGRESSIVE;
				CLANG_WARN_UNREACHABLE_CODE = YES;
				CLANG_WARN__DUPLICATE_METHOD_MATCH = YES;
				CODE_SIGN_IDENTITY = "iPhone Developer";
				COPY_PHASE_STRIP = NO;
				DEBUG_INFORMATION_FORMAT = "dwarf-with-dsym";
				ENABLE_NS_ASSERTIONS = NO;
				ENABLE_STRICT_OBJC_MSGSEND = YES;
				GCC_C_LANGUAGE_STANDARD = gnu11;
				GCC_NO_COMMON_BLOCKS = YES;
				GCC_WARN_64_TO_32_BIT_CONVERSION = YES;
				GCC_WARN_ABOUT_RETURN_TYPE = YES_ERROR;
				GCC_WARN_UNDECLARED_SELECTOR = YES;
				GCC_WARN_UNINITIALIZED_AUTOS = YES_AGGRESSIVE;
				GCC_WARN_UNUSED_FUNCTION = YES;
				GCC_WARN_UNUSED_VARIABLE = YES;
				IPHONEOS_DEPLOYMENT_TARGET = 12.1;
				MTL_ENABLE_DEBUG_INFO = NO;
				MTL_FAST_MATH = YES;
				SDKROOT = iphoneos;
				VALIDATE_PRODUCT = YES;
			};
			name = Release;
		};
		3F745AEE21D719880034ABE7 /* Debug */ = {
			isa = XCBuildConfiguration;
			baseConfigurationReference = C491DA48B69268E6F2850A62 /* Pods-TransformTest.debug.xcconfig */;
			buildSettings = {
				ASSETCATALOG_COMPILER_APPICON_NAME = AppIcon;
				ASSETCATALOG_COMPILER_LAUNCHIMAGE_NAME = "Brand Assets";
				CODE_SIGN_STYLE = Automatic;
				DEVELOPMENT_TEAM = ZZKE7H6B25;
				INFOPLIST_FILE = TransformTest/Info.plist;
				IPHONEOS_DEPLOYMENT_TARGET = 8.0;
				LD_RUNPATH_SEARCH_PATHS = (
					"$(inherited)",
					"@executable_path/Frameworks",
				);
				PRODUCT_BUNDLE_IDENTIFIER = com.SHTongZhu.SJJYUAN;
				PRODUCT_NAME = "$(TARGET_NAME)";
				TARGETED_DEVICE_FAMILY = "1,2";
			};
			name = Debug;
		};
		3F745AEF21D719880034ABE7 /* Release */ = {
			isa = XCBuildConfiguration;
			baseConfigurationReference = 8996BFF1DBB9B262DDC3AB92 /* Pods-TransformTest.release.xcconfig */;
			buildSettings = {
				ASSETCATALOG_COMPILER_APPICON_NAME = AppIcon;
				ASSETCATALOG_COMPILER_LAUNCHIMAGE_NAME = "Brand Assets";
				CODE_SIGN_STYLE = Automatic;
				DEVELOPMENT_TEAM = ZZKE7H6B25;
				INFOPLIST_FILE = TransformTest/Info.plist;
				IPHONEOS_DEPLOYMENT_TARGET = 8.0;
				LD_RUNPATH_SEARCH_PATHS = (
					"$(inherited)",
					"@executable_path/Frameworks",
				);
				PRODUCT_BUNDLE_IDENTIFIER = com.SHTongZhu.SJJYUAN;
				PRODUCT_NAME = "$(TARGET_NAME)";
				TARGETED_DEVICE_FAMILY = "1,2";
			};
			name = Release;
		};
		3F745AF121D719880034ABE7 /* Debug */ = {
			isa = XCBuildConfiguration;
			buildSettings = {
				BUNDLE_LOADER = "$(TEST_HOST)";
				CODE_SIGN_STYLE = Automatic;
				INFOPLIST_FILE = TransformTestTests/Info.plist;
				LD_RUNPATH_SEARCH_PATHS = (
					"$(inherited)",
					"@executable_path/Frameworks",
					"@loader_path/Frameworks",
				);
				PRODUCT_BUNDLE_IDENTIFIER = well.TransformTestTests;
				PRODUCT_NAME = "$(TARGET_NAME)";
				TARGETED_DEVICE_FAMILY = "1,2";
				TEST_HOST = "$(BUILT_PRODUCTS_DIR)/TransformTest.app/TransformTest";
			};
			name = Debug;
		};
		3F745AF221D719880034ABE7 /* Release */ = {
			isa = XCBuildConfiguration;
			buildSettings = {
				BUNDLE_LOADER = "$(TEST_HOST)";
				CODE_SIGN_STYLE = Automatic;
				INFOPLIST_FILE = TransformTestTests/Info.plist;
				LD_RUNPATH_SEARCH_PATHS = (
					"$(inherited)",
					"@executable_path/Frameworks",
					"@loader_path/Frameworks",
				);
				PRODUCT_BUNDLE_IDENTIFIER = well.TransformTestTests;
				PRODUCT_NAME = "$(TARGET_NAME)";
				TARGETED_DEVICE_FAMILY = "1,2";
				TEST_HOST = "$(BUILT_PRODUCTS_DIR)/TransformTest.app/TransformTest";
			};
			name = Release;
		};
		3F745AF421D719880034ABE7 /* Debug */ = {
			isa = XCBuildConfiguration;
			buildSettings = {
				CODE_SIGN_STYLE = Automatic;
				INFOPLIST_FILE = TransformTestUITests/Info.plist;
				LD_RUNPATH_SEARCH_PATHS = (
					"$(inherited)",
					"@executable_path/Frameworks",
					"@loader_path/Frameworks",
				);
				PRODUCT_BUNDLE_IDENTIFIER = well.TransformTestUITests;
				PRODUCT_NAME = "$(TARGET_NAME)";
				TARGETED_DEVICE_FAMILY = "1,2";
				TEST_TARGET_NAME = TransformTest;
			};
			name = Debug;
		};
		3F745AF521D719880034ABE7 /* Release */ = {
			isa = XCBuildConfiguration;
			buildSettings = {
				CODE_SIGN_STYLE = Automatic;
				INFOPLIST_FILE = TransformTestUITests/Info.plist;
				LD_RUNPATH_SEARCH_PATHS = (
					"$(inherited)",
					"@executable_path/Frameworks",
					"@loader_path/Frameworks",
				);
				PRODUCT_BUNDLE_IDENTIFIER = well.TransformTestUITests;
				PRODUCT_NAME = "$(TARGET_NAME)";
				TARGETED_DEVICE_FAMILY = "1,2";
				TEST_TARGET_NAME = TransformTest;
			};
			name = Release;
		};
/* End XCBuildConfiguration section */

/* Begin XCConfigurationList section */
		3F745ABC21D719830034ABE7 /* Build configuration list for PBXProject "TransformTest" */ = {
			isa = XCConfigurationList;
			buildConfigurations = (
				3F745AEB21D719880034ABE7 /* Debug */,
				3F745AEC21D719880034ABE7 /* Release */,
			);
			defaultConfigurationIsVisible = 0;
			defaultConfigurationName = Release;
		};
		3F745AED21D719880034ABE7 /* Build configuration list for PBXNativeTarget "TransformTest" */ = {
			isa = XCConfigurationList;
			buildConfigurations = (
				3F745AEE21D719880034ABE7 /* Debug */,
				3F745AEF21D719880034ABE7 /* Release */,
			);
			defaultConfigurationIsVisible = 0;
			defaultConfigurationName = Release;
		};
		3F745AF021D719880034ABE7 /* Build configuration list for PBXNativeTarget "TransformTestTests" */ = {
			isa = XCConfigurationList;
			buildConfigurations = (
				3F745AF121D719880034ABE7 /* Debug */,
				3F745AF221D719880034ABE7 /* Release */,
			);
			defaultConfigurationIsVisible = 0;
			defaultConfigurationName = Release;
		};
		3F745AF321D719880034ABE7 /* Build configuration list for PBXNativeTarget "TransformTestUITests" */ = {
			isa = XCConfigurationList;
			buildConfigurations = (
				3F745AF421D719880034ABE7 /* Debug */,
				3F745AF521D719880034ABE7 /* Release */,
			);
			defaultConfigurationIsVisible = 0;
			defaultConfigurationName = Release;
		};
/* End XCConfigurationList section */
	};
	rootObject = 3F745AB921D719830034ABE7 /* Project object */;
}
